dependencies:
- name: cert-manager
  repository: https://charts.jetstack.io/
  version: 0.10.1
- name: prometheus
  repository: https://kubernetes-charts.storage.googleapis.com/
  version: 10.0.0
- name: postgresql
  repository: https://charts.bitnami.com/bitnami
  version: 7.7.3
- name: gitlab-runner
  repository: https://charts.gitlab.io/
  version: 0.15.0
- name: grafana
  repository: https://kubernetes-charts.storage.googleapis.com/
  version: 4.0.1
- name: redis
  repository: https://charts.bitnami.com/bitnami
  version: 10.3.4
digest: sha256:e065e490218b65c4c69998cb96cd1bd628764ff337080b96240044dd8d631f5c
generated: "2020-04-01T11:03:54.169411-07:00"
